
Microsoft Visual Studio Solution File, Format Version 12.00
# Visual Studio Version 16
VisualStudioVersion = 16.0.33027.164
MinimumVisualStudioVersion = 10.0.40219.1
Project("{E24C65DC-7377-472B-9ABA-BC803B73C61A}") = "Back-End", "Back-End\", "{528B20A2-02A5-42F8-AA38-376E5ADB8E9C}"
	ProjectSection(WebsiteProperties) = preProject
		TargetFrameworkMoniker = ".NETFramework,Version%3Dv4.0"
		Debug.AspNetCompiler.VirtualPath = "/localhost_57652"
		Debug.AspNetCompiler.PhysicalPath = "Back-End\"
		Debug.AspNetCompiler.TargetPath = "PrecompiledWeb\localhost_57652\"
		Debug.AspNetCompiler.Updateable = "true"
		Debug.AspNetCompiler.ForceOverwrite = "true"
		Debug.AspNetCompiler.FixedNames = "false"
		Debug.AspNetCompiler.Debug = "True"
		Release.AspNetCompiler.VirtualPath = "/localhost_57652"
		Release.AspNetCompiler.PhysicalPath = "Back-End\"
		Release.AspNetCompiler.TargetPath = "PrecompiledWeb\localhost_57652\"
		Release.AspNetCompiler.Updateable = "true"
		Release.AspNetCompiler.ForceOverwrite = "true"
		Release.AspNetCompiler.FixedNames = "false"
		Release.AspNetCompiler.Debug = "False"
		VWDPort = "57652"
		SlnRelativePath = "Back-End\"
	EndProjectSection
EndProject
Global
	GlobalSection(SolutionConfigurationPlatforms) = preSolution
		Debug|Any CPU = Debug|Any CPU
	EndGlobalSection
	GlobalSection(ProjectConfigurationPlatforms) = postSolution
		{528B20A2-02A5-42F8-AA38-376E5ADB8E9C}.Debug|Any CPU.ActiveCfg = Debug|Any CPU
		{528B20A2-02A5-42F8-AA38-376E5ADB8E9C}.Debug|Any CPU.Build.0 = Debug|Any CPU
	EndGlobalSection
	GlobalSection(SolutionProperties) = preSolution
		HideSolutionNode = FALSE
	EndGlobalSection
	GlobalSection(ExtensibilityGlobals) = postSolution
		SolutionGuid = {4F5EB44A-3D40-4163-A98D-69498FD6A227}
	EndGlobalSection
EndGlobal
